// !$*UTF8*$!
{
	archiveVersion = 1;
	classes = {
	};
	objectVersion = 56;
	objects = {

/* Begin PBXBuildFile section */
		1F55ACE629EE1D7300912C4A /* AppDelegate.swift in Sources */ = {isa = PBXBuildFile; fileRef = 1F55ACE529EE1D7300912C4A /* AppDelegate.swift */; };
		1F55ACE829EE1D7300912C4A /* SceneDelegate.swift in Sources */ = {isa = PBXBuildFile; fileRef = 1F55ACE729EE1D7300912C4A /* SceneDelegate.swift */; };
		1F55ACEF29EE1D7800912C4A /* Assets.xcassets in Resources */ = {isa = PBXBuildFile; fileRef = 1F55ACEE29EE1D7800912C4A /* Assets.xcassets */; };
		1F55ACF229EE1D7800912C4A /* LaunchScreen.storyboard in Resources */ = {isa = PBXBuildFile; fileRef = 1F55ACF029EE1D7800912C4A /* LaunchScreen.storyboard */; };
		1F8A8E6B29F0C38B0042E853 /* Main.storyboard in Resources */ = {isa = PBXBuildFile; fileRef = 1F8A8E6A29F0C38B0042E853 /* Main.storyboard */; };
		1FDB983F29F75ADD00FF0581 /* ViewController2.swift in Sources */ = {isa = PBXBuildFile; fileRef = 1FDB983E29F75ADD00FF0581 /* ViewController2.swift */; };
		8A1C99822A088A0000F5AA7A /* ToDoListViewController.swift in Sources */ = {isa = PBXBuildFile; fileRef = 8A1C99812A088A0000F5AA7A /* ToDoListViewController.swift */; };
		8A7DCF732A0C223900E3AA8A /* timerViewModel.swift in Sources */ = {isa = PBXBuildFile; fileRef = 8A7DCF712A0C223800E3AA8A /* timerViewModel.swift */; };
		8A7DCF752A0C235200E3AA8A /* TimerView.swift in Sources */ = {isa = PBXBuildFile; fileRef = 8A7DCF742A0C235200E3AA8A /* TimerView.swift */; };
		8A7DCF7D2A0C462900E3AA8A /* HostingViewController.swift in Sources */ = {isa = PBXBuildFile; fileRef = 8A7DCF7C2A0C462900E3AA8A /* HostingViewController.swift */; };
		8A8CCE152A05D520003E83E9 /* EntryViewController.swift in Sources */ = {isa = PBXBuildFile; fileRef = 8A8CCE142A05D520003E83E9 /* EntryViewController.swift */; };
		8A8CCE172A05D530003E83E9 /* TaskViewController.swift in Sources */ = {isa = PBXBuildFile; fileRef = 8A8CCE162A05D530003E83E9 /* TaskViewController.swift */; };
/* End PBXBuildFile section */

/* Begin PBXFileReference section */
		1F55ACE229EE1D7300912C4A /* Daily.app */ = {isa = PBXFileReference; explicitFileType = wrapper.application; includeInIndex = 0; path = Daily.app; sourceTree = BUILT_PRODUCTS_DIR; };
		1F55ACE529EE1D7300912C4A /* AppDelegate.swift */ = {isa = PBXFileReference; lastKnownFileType = sourcecode.swift; path = AppDelegate.swift; sourceTree = "<group>"; };
		1F55ACE729EE1D7300912C4A /* SceneDelegate.swift */ = {isa = PBXFileReference; lastKnownFileType = sourcecode.swift; path = SceneDelegate.swift; sourceTree = "<group>"; };
		1F55ACEE29EE1D7800912C4A /* Assets.xcassets */ = {isa = PBXFileReference; lastKnownFileType = folder.assetcatalog; path = Assets.xcassets; sourceTree = "<group>"; };
		1F55ACF129EE1D7800912C4A /* Base */ = {isa = PBXFileReference; lastKnownFileType = file.storyboard; name = Base; path = Base.lproj/LaunchScreen.storyboard; sourceTree = "<group>"; };
		1F55ACF329EE1D7800912C4A /* Info.plist */ = {isa = PBXFileReference; lastKnownFileType = text.plist.xml; path = Info.plist; sourceTree = "<group>"; };
		1F8A8E6A29F0C38B0042E853 /* Main.storyboard */ = {isa = PBXFileReference; lastKnownFileType = file.storyboard; path = Main.storyboard; sourceTree = "<group>"; };
		1FDB983E29F75ADD00FF0581 /* ViewController2.swift */ = {isa = PBXFileReference; lastKnownFileType = sourcecode.swift; path = ViewController2.swift; sourceTree = "<group>"; };
		8A1C99812A088A0000F5AA7A /* ToDoListViewController.swift */ = {isa = PBXFileReference; lastKnownFileType = sourcecode.swift; path = ToDoListViewController.swift; sourceTree = "<group>"; };
		8A7DCF712A0C223800E3AA8A /* timerViewModel.swift */ = {isa = PBXFileReference; fileEncoding = 4; lastKnownFileType = sourcecode.swift; path = timerViewModel.swift; sourceTree = "<group>"; };
		8A7DCF742A0C235200E3AA8A /* TimerView.swift */ = {isa = PBXFileReference; lastKnownFileType = sourcecode.swift; path = TimerView.swift; sourceTree = "<group>"; };
		8A7DCF7C2A0C462900E3AA8A /* HostingViewController.swift */ = {isa = PBXFileReference; lastKnownFileType = sourcecode.swift; path = HostingViewController.swift; sourceTree = "<group>"; };
		8A8CCE142A05D520003E83E9 /* EntryViewController.swift */ = {isa = PBXFileReference; lastKnownFileType = sourcecode.swift; path = EntryViewController.swift; sourceTree = "<group>"; };
		8A8CCE162A05D530003E83E9 /* TaskViewController.swift */ = {isa = PBXFileReference; lastKnownFileType = sourcecode.swift; path = TaskViewController.swift; sourceTree = "<group>"; };
/* End PBXFileReference section */

/* Begin PBXFrameworksBuildPhase section */
		1F55ACDF29EE1D7300912C4A /* Frameworks */ = {
			isa = PBXFrameworksBuildPhase;
			buildActionMask = 2147483647;
			files = (
			);
			runOnlyForDeploymentPostprocessing = 0;
		};
/* End PBXFrameworksBuildPhase section */

/* Begin PBXGroup section */
		1F55ACD929EE1D7300912C4A = {
			isa = PBXGroup;
			children = (
				1F55ACE429EE1D7300912C4A /* Daily */,
				1F55ACE329EE1D7300912C4A /* Products */,
			);
			sourceTree = "<group>";
		};
		1F55ACE329EE1D7300912C4A /* Products */ = {
			isa = PBXGroup;
			children = (
				1F55ACE229EE1D7300912C4A /* Daily.app */,
			);
			name = Products;
			sourceTree = "<group>";
		};
		1F55ACE429EE1D7300912C4A /* Daily */ = {
			isa = PBXGroup;
			children = (
				8A7DCF712A0C223800E3AA8A /* timerViewModel.swift */,
				8A7DCF742A0C235200E3AA8A /* TimerView.swift */,
				8A1C99812A088A0000F5AA7A /* ToDoListViewController.swift */,
				1F55ACE529EE1D7300912C4A /* AppDelegate.swift */,
				1F55ACE729EE1D7300912C4A /* SceneDelegate.swift */,
				1F8A8E6A29F0C38B0042E853 /* Main.storyboard */,
				1FDB983E29F75ADD00FF0581 /* ViewController2.swift */,
				8A7DCF7C2A0C462900E3AA8A /* HostingViewController.swift */,
				8A8CCE142A05D520003E83E9 /* EntryViewController.swift */,
				8A8CCE162A05D530003E83E9 /* TaskViewController.swift */,
				1F55ACEE29EE1D7800912C4A /* Assets.xcassets */,
				1F55ACF029EE1D7800912C4A /* LaunchScreen.storyboard */,
				1F55ACF329EE1D7800912C4A /* Info.plist */,
			);
			path = Daily;
			sourceTree = "<group>";
		};
/* End PBXGroup section */

/* Begin PBXNativeTarget section */
		1F55ACE129EE1D7300912C4A /* Daily */ = {
			isa = PBXNativeTarget;
			buildConfigurationList = 1F55ACF629EE1D7800912C4A /* Build configuration list for PBXNativeTarget "Daily" */;
			buildPhases = (
				1F55ACDE29EE1D7300912C4A /* Sources */,
				1F55ACDF29EE1D7300912C4A /* Frameworks */,
				1F55ACE029EE1D7300912C4A /* Resources */,
			);
			buildRules = (
			);
			dependencies = (
			);
			name = Daily;
			productName = Daily;
			productReference = 1F55ACE229EE1D7300912C4A /* Daily.app */;
			productType = "com.apple.product-type.application";
		};
/* End PBXNativeTarget section */

/* Begin PBXProject section */
		1F55ACDA29EE1D7300912C4A /* Project object */ = {
			isa = PBXProject;
			attributes = {
				BuildIndependentTargetsInParallel = 1;
				LastSwiftUpdateCheck = 1420;
				LastUpgradeCheck = 1420;
				TargetAttributes = {
					1F55ACE129EE1D7300912C4A = {
						CreatedOnToolsVersion = 14.2;
					};
				};
			};
			buildConfigurationList = 1F55ACDD29EE1D7300912C4A /* Build configuration list for PBXProject "Daily" */;
			compatibilityVersion = "Xcode 14.0";
			developmentRegion = en;
			hasScannedForEncodings = 0;
			knownRegions = (
				en,
				Base,
			);
			mainGroup = 1F55ACD929EE1D7300912C4A;
			productRefGroup = 1F55ACE329EE1D7300912C4A /* Products */;
			projectDirPath = "";
			projectRoot = "";
			targets = (
				1F55ACE129EE1D7300912C4A /* Daily */,
			);
		};
/* End PBXProject section */

/* Begin PBXResourcesBuildPhase section */
		1F55ACE029EE1D7300912C4A /* Resources */ = {
			isa = PBXResourcesBuildPhase;
			buildActionMask = 2147483647;
			files = (
				1F8A8E6B29F0C38B0042E853 /* Main.storyboard in Resources */,
				1F55ACF229EE1D7800912C4A /* LaunchScreen.storyboard in Resources */,
				1F55ACEF29EE1D7800912C4A /* Assets.xcassets in Resources */,
			);
			runOnlyForDeploymentPostprocessing = 0;
		};
/* End PBXResourcesBuildPhase section */

/* Begin PBXSourcesBuildPhase section */
		1F55ACDE29EE1D7300912C4A /* Sources */ = {
			isa = PBXSourcesBuildPhase;
			buildActionMask = 2147483647;
			files = (
				8A7DCF7D2A0C462900E3AA8A /* HostingViewController.swift in Sources */,
				1FDB983F29F75ADD00FF0581 /* ViewController2.swift in Sources */,
				8A8CCE172A05D530003E83E9 /* TaskViewController.swift in Sources */,
				8A8CCE152A05D520003E83E9 /* EntryViewController.swift in Sources */,
				8A7DCF732A0C223900E3AA8A /* timerViewModel.swift in Sources */,
				8A7DCF752A0C235200E3AA8A /* TimerView.swift in Sources */,
				1F55ACE629EE1D7300912C4A /* AppDelegate.swift in Sources */,
				8A1C99822A088A0000F5AA7A /* ToDoListViewController.swift in Sources */,
				1F55ACE829EE1D7300912C4A /* SceneDelegate.swift in Sources */,
			);
			runOnlyForDeploymentPostprocessing = 0;
		};
/* End PBXSourcesBuildPhase section */

/* Begin PBXVariantGroup section */
		1F55ACF029EE1D7800912C4A /* LaunchScreen.storyboard */ = {
			isa = PBXVariantGroup;
			children = (
				1F55ACF129EE1D7800912C4A /* Base */,
			);
			name = LaunchScreen.storyboard;
			sourceTree = "<group>";
		};
/* End PBXVariantGroup section */

/* Begin XCBuildConfiguration section */
		1F55ACF429EE1D7800912C4A /* Debug */ = {
			isa = XCBuildConfiguration;
			buildSettings = {
				ALWAYS_SEARCH_USER_PATHS = NO;
				CLANG_ANALYZER_NONNULL = YES;
				CLANG_ANALYZER_NUMBER_OBJECT_CONVERSION = YES_AGGRESSIVE;
				CLANG_CXX_LANGUAGE_STANDARD = "gnu++20";
				CLANG_ENABLE_MODULES = YES;
				CLANG_ENABLE_OBJC_ARC = YES;
				CLANG_ENABLE_OBJC_WEAK = YES;
				CLANG_WARN_BLOCK_CAPTURE_AUTORELEASING = YES;
				CLANG_WARN_BOOL_CONVERSION = YES;
				CLANG_WARN_COMMA = YES;
				CLANG_WARN_CONSTANT_CONVERSION = YES;
				CLANG_WARN_DEPRECATED_OBJC_IMPLEMENTATIONS = YES;
				CLANG_WARN_DIRECT_OBJC_ISA_USAGE = YES_ERROR;
				CLANG_WARN_DOCUMENTATION_COMMENTS = YES;
				CLANG_WARN_EMPTY_BODY = YES;
				CLANG_WARN_ENUM_CONVERSION = YES;
				CLANG_WARN_INFINITE_RECURSION = YES;
				CLANG_WARN_INT_CONVERSION = YES;
				CLANG_WARN_NON_LITERAL_NULL_CONVERSION = YES;
				CLANG_WARN_OBJC_IMPLICIT_RETAIN_SELF = YES;
				CLANG_WARN_OBJC_LITERAL_CONVERSION = YES;
				CLANG_WARN_OBJC_ROOT_CLASS = YES_ERROR;
				CLANG_WARN_QUOTED_INCLUDE_IN_FRAMEWORK_HEADER = YES;
				CLANG_WARN_RANGE_LOOP_ANALYSIS = YES;
				CLANG_WARN_STRICT_PROTOTYPES = YES;
				CLANG_WARN_SUSPICIOUS_MOVE = YES;
				CLANG_WARN_UNGUARDED_AVAILABILITY = YES_AGGRESSIVE;
				CLANG_WARN_UNREACHABLE_CODE = YES;
				CLANG_WARN__DUPLICATE_METHOD_MATCH = YES;
				COPY_PHASE_STRIP = NO;
				DEBUG_INFORMATION_FORMAT = dwarf;
				ENABLE_STRICT_OBJC_MSGSEND = YES;
				ENABLE_TESTABILITY = YES;
				GCC_C_LANGUAGE_STANDARD = gnu11;
				GCC_DYNAMIC_NO_PIC = NO;
				GCC_NO_COMMON_BLOCKS = YES;
				GCC_OPTIMIZATION_LEVEL = 0;
				GCC_PREPROCESSOR_DEFINITIONS = (
					"DEBUG=1",
					"$(inherited)",
				);
				GCC_WARN_64_TO_32_BIT_CONVERSION = YES;
				GCC_WARN_ABOUT_RETURN_TYPE = YES_ERROR;
				GCC_WARN_UNDECLARED_SELECTOR = YES;
				GCC_WARN_UNINITIALIZED_AUTOS = YES_AGGRESSIVE;
				GCC_WARN_UNUSED_FUNCTION = YES;
				GCC_WARN_UNUSED_VARIABLE = YES;
				IPHONEOS_DEPLOYMENT_TARGET = 16.2;
				MTL_ENABLE_DEBUG_INFO = INCLUDE_SOURCE;
				MTL_FAST_MATH = YES;
				ONLY_ACTIVE_ARCH = YES;
				SDKROOT = iphoneos;
				SWIFT_ACTIVE_COMPILATION_CONDITIONS = DEBUG;
				SWIFT_OPTIMIZATION_LEVEL = "-Onone";
			};
			name = Debug;
		};
		1F55ACF529EE1D7800912C4A /* Release */ = {
			isa = XCBuildConfiguration;
			buildSettings = {
				ALWAYS_SEARCH_USER_PATHS = NO;
				CLANG_ANALYZER_NONNULL = YES;
				CLANG_ANALYZER_NUMBER_OBJECT_CONVERSION = YES_AGGRESSIVE;
				CLANG_CXX_LANGUAGE_STANDARD = "gnu++20";
				CLANG_ENABLE_MODULES = YES;
				CLANG_ENABLE_OBJC_ARC = YES;
				CLANG_ENABLE_OBJC_WEAK = YES;
				CLANG_WARN_BLOCK_CAPTURE_AUTORELEASING = YES;
				CLANG_WARN_BOOL_CONVERSION = YES;
				CLANG_WARN_COMMA = YES;
				CLANG_WARN_CONSTANT_CONVERSION = YES;
				CLANG_WARN_DEPRECATED_OBJC_IMPLEMENTATIONS = YES;
				CLANG_WARN_DIRECT_OBJC_ISA_USAGE = YES_ERROR;
				CLANG_WARN_DOCUMENTATION_COMMENTS = YES;
				CLANG_WARN_EMPTY_BODY = YES;
				CLANG_WARN_ENUM_CONVERSION = YES;
				CLANG_WARN_INFINITE_RECURSION = YES;
				CLANG_WARN_INT_CONVERSION = YES;
				CLANG_WARN_NON_LITERAL_NULL_CONVERSION = YES;
				CLANG_WARN_OBJC_IMPLICIT_RETAIN_SELF = YES;
				CLANG_WARN_OBJC_LITERAL_CONVERSION = YES;
				CLANG_WARN_OBJC_ROOT_CLASS = YES_ERROR;
				CLANG_WARN_QUOTED_INCLUDE_IN_FRAMEWORK_HEADER = YES;
				CLANG_WARN_RANGE_LOOP_ANALYSIS = YES;
				CLANG_WARN_STRICT_PROTOTYPES = YES;
				CLANG_WARN_SUSPICIOUS_MOVE = YES;
				CLANG_WARN_UNGUARDED_AVAILABILITY = YES_AGGRESSIVE;
				CLANG_WARN_UNREACHABLE_CODE = YES;
				CLANG_WARN__DUPLICATE_METHOD_MATCH = YES;
				COPY_PHASE_STRIP = NO;
				DEBUG_INFORMATION_FORMAT = "dwarf-with-dsym";
				ENABLE_NS_ASSERTIONS = NO;
				ENABLE_STRICT_OBJC_MSGSEND = YES;
				GCC_C_LANGUAGE_STANDARD = gnu11;
				GCC_NO_COMMON_BLOCKS = YES;
				GCC_WARN_64_TO_32_BIT_CONVERSION = YES;
				GCC_WARN_ABOUT_RETURN_TYPE = YES_ERROR;
				GCC_WARN_UNDECLARED_SELECTOR = YES;
				GCC_WARN_UNINITIALIZED_AUTOS = YES_AGGRESSIVE;
				GCC_WARN_UNUSED_FUNCTION = YES;
				GCC_WARN_UNUSED_VARIABLE = YES;
				IPHONEOS_DEPLOYMENT_TARGET = 16.2;
				MTL_ENABLE_DEBUG_INFO = NO;
				MTL_FAST_MATH = YES;
				SDKROOT = iphoneos;
				SWIFT_COMPILATION_MODE = wholemodule;
				SWIFT_OPTIMIZATION_LEVEL = "-O";
				VALIDATE_PRODUCT = YES;
			};
			name = Release;
		};
		1F55ACF729EE1D7800912C4A /* Debug */ = {
			isa = XCBuildConfiguration;
			buildSettings = {
				ASSETCATALOG_COMPILER_APPICON_NAME = AppIcon;
				ASSETCATALOG_COMPILER_GLOBAL_ACCENT_COLOR_NAME = AccentColor;
				CODE_SIGN_STYLE = Automatic;
				CURRENT_PROJECT_VERSION = 1;
				DEVELOPMENT_TEAM = V38Y8SZY42;
				GENERATE_INFOPLIST_FILE = YES;
				INFOPLIST_FILE = Daily/Info.plist;
				INFOPLIST_KEY_UIApplicationSupportsIndirectInputEvents = YES;
				INFOPLIST_KEY_UILaunchStoryboardName = LaunchScreen;
				INFOPLIST_KEY_UIMainStoryboardFile = Main;
				INFOPLIST_KEY_UISupportedInterfaceOrientations_iPad = "UIInterfaceOrientationPortrait UIInterfaceOrientationPortraitUpsideDown UIInterfaceOrientationLandscapeLeft UIInterfaceOrientationLandscapeRight";
				INFOPLIST_KEY_UISupportedInterfaceOrientations_iPhone = "UIInterfaceOrientationPortrait UIInterfaceOrientationLandscapeLeft UIInterfaceOrientationLandscapeRight";
				LD_RUNPATH_SEARCH_PATHS = (
					"$(inherited)",
					"@executable_path/Frameworks",
				);
				MARKETING_VERSION = 1.0;
				PRODUCT_BUNDLE_IDENTIFIER = "com.cherish-marie.Daily";
				PRODUCT_NAME = "$(TARGET_NAME)";
				SWIFT_EMIT_LOC_STRINGS = YES;
				SWIFT_VERSION = 5.0;
				TARGETED_DEVICE_FAMILY = "1,2";
			};
			name = Debug;
		};
		1F55ACF829EE1D7800912C4A /* Release */ = {
			isa = XCBuildConfiguration;
			buildSettings = {
				ASSETCATALOG_COMPILER_APPICON_NAME = AppIcon;
				ASSETCATALOG_COMPILER_GLOBAL_ACCENT_COLOR_NAME = AccentColor;
				CODE_SIGN_STYLE = Automatic;
				CURRENT_PROJECT_VERSION = 1;
				DEVELOPMENT_TEAM = V38Y8SZY42;
				GENERATE_INFOPLIST_FILE = YES;
				INFOPLIST_FILE = Daily/Info.plist;
				INFOPLIST_KEY_UIApplicationSupportsIndirectInputEvents = YES;
				INFOPLIST_KEY_UILaunchStoryboardName = LaunchScreen;
				INFOPLIST_KEY_UIMainStoryboardFile = Main;
				INFOPLIST_KEY_UISupportedInterfaceOrientations_iPad = "UIInterfaceOrientationPortrait UIInterfaceOrientationPortraitUpsideDown UIInterfaceOrientationLandscapeLeft UIInterfaceOrientationLandscapeRight";
				INFOPLIST_KEY_UISupportedInterfaceOrientations_iPhone = "UIInterfaceOrientationPortrait UIInterfaceOrientationLandscapeLeft UIInterfaceOrientationLandscapeRight";
				LD_RUNPATH_SEARCH_PATHS = (
					"$(inherited)",
					"@executable_path/Frameworks",
				);
				MARKETING_VERSION = 1.0;
				PRODUCT_BUNDLE_IDENTIFIER = "com.cherish-marie.Daily";
				PRODUCT_NAME = "$(TARGET_NAME)";
				SWIFT_EMIT_LOC_STRINGS = YES;
				SWIFT_VERSION = 5.0;
				TARGETED_DEVICE_FAMILY = "1,2";
			};
			name = Release;
		};
/* End XCBuildConfiguration section */

/* Begin XCConfigurationList section */
		1F55ACDD29EE1D7300912C4A /* Build configuration list for PBXProject "Daily" */ = {
			isa = XCConfigurationList;
			buildConfigurations = (
				1F55ACF429EE1D7800912C4A /* Debug */,
				1F55ACF529EE1D7800912C4A /* Release */,
			);
			defaultConfigurationIsVisible = 0;
			defaultConfigurationName = Release;
		};
		1F55ACF629EE1D7800912C4A /* Build configuration list for PBXNativeTarget "Daily" */ = {
			isa = XCConfigurationList;
			buildConfigurations = (
				1F55ACF729EE1D7800912C4A /* Debug */,
				1F55ACF829EE1D7800912C4A /* Release */,
			);
			defaultConfigurationIsVisible = 0;
			defaultConfigurationName = Release;
		};
/* End XCConfigurationList section */
	};
	rootObject = 1F55ACDA29EE1D7300912C4A /* Project object */;
}
